{
  "originHash" : "e5ae00f6904e057ba2aca1e7886506c64da088f5ef19fe05efb2f3a1474bd54c",
  "pins" : [
    {
      "identity" : "symaira-appkit",
      "kind" : "remoteSourceControl",
      "location" : "https://github.com/danieljustus/symaira-appkit.git",
      "state" : {
        "revision" : "140b838a4cef779eb7bf9c4084d8570d60f516b9",
        "version" : "0.10.0"
      }
    }
  ],
  "version" : 3
}
